
Microsoft Visual Studio Solution File, Format Version 12.00
# Visual Studio Version 16
VisualStudioVersion = 16.0.30114.105
MinimumVisualStudioVersion = 10.0.40219.1
Project("{FAE04EC0-301F-11D3-BF4B-00C04F79EFBC}") = "DockerTest", "DockerTest\DockerTest.csproj", "{758FE862-9259-446A-91B2-E0C3C89FE5ED}"
EndProject
Global
	GlobalSection(SolutionConfigurationPlatforms) = preSolution
		Debug|Any CPU = Debug|Any CPU
		Release|Any CPU = Release|Any CPU
	EndGlobalSection
	GlobalSection(ProjectConfigurationPlatforms) = postSolution
		{758FE862-9259-446A-91B2-E0C3C89FE5ED}.Debug|Any CPU.ActiveCfg = Debug|Any CPU
		{758FE862-9259-446A-91B2-E0C3C89FE5ED}.Debug|Any CPU.Build.0 = Debug|Any CPU
		{758FE862-9259-446A-91B2-E0C3C89FE5ED}.Release|Any CPU.ActiveCfg = Release|Any CPU
		{758FE862-9259-446A-91B2-E0C3C89FE5ED}.Release|Any CPU.Build.0 = Release|Any CPU
	EndGlobalSection
	GlobalSection(SolutionProperties) = preSolution
		HideSolutionNode = FALSE
	EndGlobalSection
	GlobalSection(ExtensibilityGlobals) = postSolution
		SolutionGuid = {D75CCA05-1118-44AE-8D5B-F1DCFB7EBC0D}
	EndGlobalSection
EndGlobal
